
Microsoft Visual Studio Solution File, Format Version 12.00
Project("{FAE04EC0-301F-11D3-BF4B-00C04F79EFBC}") = "kowto", "kowto\kowto.csproj", "{46901D0B-F64D-4EB9-8D4C-4DC695AA6D51}"
EndProject
Global
	GlobalSection(SolutionConfigurationPlatforms) = preSolution
		Debug|Any CPU = Debug|Any CPU
		Release|Any CPU = Release|Any CPU
	EndGlobalSection
	GlobalSection(ProjectConfigurationPlatforms) = postSolution
		{46901D0B-F64D-4EB9-8D4C-4DC695AA6D51}.Debug|Any CPU.ActiveCfg = Debug|Any CPU
		{46901D0B-F64D-4EB9-8D4C-4DC695AA6D51}.Debug|Any CPU.Build.0 = Debug|Any CPU
		{46901D0B-F64D-4EB9-8D4C-4DC695AA6D51}.Release|Any CPU.ActiveCfg = Release|Any CPU
		{46901D0B-F64D-4EB9-8D4C-4DC695AA6D51}.Release|Any CPU.Build.0 = Release|Any CPU
	EndGlobalSection
EndGlobal
